PODS:
  - SFCloudMusicBaseKit (0.6.0):
    - SFCloudMusicBaseKit/Extensions (= 0.6.0)
    - SFCloudMusicBaseKit/Utils (= 0.6.0)
  - SFCloudMusicBaseKit/Extensions (0.6.0)
  - SFCloudMusicBaseKit/Utils (0.6.0)

DEPENDENCIES:
  - SFCloudMusicBaseKit (from `../`)

EXTERNAL SOURCES:
  SFCloudMusicBaseKit:
    :path: "../"

SPEC CHECKSUMS:
  SFCloudMusicBaseKit: acbbc8806f2997074475a192731bc2afde5ecb2f

PODFILE CHECKSUM: f8630c95ae29f50387cc620bba68616d7375a82c

COCOAPODS: 1.8.4
